
Microsoft Visual Studio Solution File, Format Version 9.00
# Visual Studio 2005
# Clarion 2.1.0.2447
Project("{12B76EC0-1D7B-4FA7-A7D0-C524288B48A1}") = "updates", "updates.cwproj", "{CD069360-7C5D-4F56-8BC3-A9050E4A134C}"
EndProject
Global
	GlobalSection(SolutionConfigurationPlatforms) = preSolution
		Debug|Win32 = Debug|Win32
		Release|Win32 = Release|Win32
	EndGlobalSection
	GlobalSection(ProjectConfigurationPlatforms) = postSolution
		{CD069360-7C5D-4F56-8BC3-A9050E4A134C}.Debug|Win32.Build.0 = Debug|Win32
		{CD069360-7C5D-4F56-8BC3-A9050E4A134C}.Debug|Win32.ActiveCfg = Debug|Win32
		{CD069360-7C5D-4F56-8BC3-A9050E4A134C}.Release|Win32.Build.0 = Release|Win32
		{CD069360-7C5D-4F56-8BC3-A9050E4A134C}.Release|Win32.ActiveCfg = Release|Win32
	EndGlobalSection
EndGlobal
