
Microsoft Visual Studio Solution File, Format Version 9.00
# Visual Studio 2005
# Clarion 2.1.0.2447
Project("{12B76EC0-1D7B-4FA7-A7D0-C524288B48A1}") = "DemoDLL", "DemoDLL.cwproj", "{695A9F4A-DEB3-406B-8509-27F627DA68E0}"
EndProject
Project("{2150E333-8FDC-42A3-9474-1A3956D46DE8}") = "Solution Items", "Solution Items", "{{2150E333-8FDC-42A3-9474-1A3956D46DE8}}"
	ProjectSection(SolutionItems) = postProject
		DemoDLL.app = DemoDLL.app
	EndProjectSection
EndProject
Global
	GlobalSection(SolutionConfigurationPlatforms) = preSolution
		Debug|Win32 = Debug|Win32
		Release|Win32 = Release|Win32
	EndGlobalSection
	GlobalSection(ProjectConfigurationPlatforms) = postSolution
		{695A9F4A-DEB3-406B-8509-27F627DA68E0}.Debug|Win32.Build.0 = Debug|Win32
		{695A9F4A-DEB3-406B-8509-27F627DA68E0}.Debug|Win32.ActiveCfg = Debug|Win32
		{695A9F4A-DEB3-406B-8509-27F627DA68E0}.Release|Win32.Build.0 = Release|Win32
		{695A9F4A-DEB3-406B-8509-27F627DA68E0}.Release|Win32.ActiveCfg = Release|Win32
	EndGlobalSection
EndGlobal
