
Microsoft Visual Studio Solution File, Format Version 9.00
# Visual Studio 2005
# Clarion 2.1.0.2447
Project("{12B76EC0-1D7B-4FA7-A7D0-C524288B48A1}") = "DCL_System_String_Tests", "DCL_System_String_Tests.cwproj", "{A1D4DD1C-8C9C-46C7-AE91-DF6E6F6EDD84}"
EndProject
Project("{2150E333-8FDC-42A3-9474-1A3956D46DE8}") = "Solution Items", "Solution Items", "{{2150E333-8FDC-42A3-9474-1A3956D46DE8}}"
	ProjectSection(SolutionItems) = postProject
		DCL_System_String_Tests.app = DCL_System_String_Tests.app
	EndProjectSection
EndProject
Project("{2150E333-8FDC-42A3-9474-1A3956D46DE8}") = "Classes", "Classes", "{5FF35685-49BF-4B98-81F7-A5270E041903}"
	ProjectSection(SolutionItems) = postProject
		..\..\libsrc\DCL_System_String.clw = ..\..\libsrc\DCL_System_String.clw
		..\..\libsrc\DCL_System_String.inc = ..\..\libsrc\DCL_System_String.inc
	EndProjectSection
EndProject
Global
	GlobalSection(SolutionConfigurationPlatforms) = preSolution
		Debug|Win32 = Debug|Win32
		Release|Win32 = Release|Win32
	EndGlobalSection
	GlobalSection(ProjectConfigurationPlatforms) = postSolution
		{A1D4DD1C-8C9C-46C7-AE91-DF6E6F6EDD84}.Debug|Win32.Build.0 = Debug|Win32
		{A1D4DD1C-8C9C-46C7-AE91-DF6E6F6EDD84}.Debug|Win32.ActiveCfg = Debug|Win32
		{A1D4DD1C-8C9C-46C7-AE91-DF6E6F6EDD84}.Release|Win32.Build.0 = Release|Win32
		{A1D4DD1C-8C9C-46C7-AE91-DF6E6F6EDD84}.Release|Win32.ActiveCfg = Release|Win32
	EndGlobalSection
EndGlobal
